
Microsoft Visual Studio Solution File, Format Version 12.00
# Visual Studio Version 17
VisualStudioVersion = 17.14.36518.9 d17.14
MinimumVisualStudioVersion = 10.0.40219.1
Project("{FAE04EC0-301F-11D3-BF4B-00C04F79EFBC}") = "WindowsAdminApp", "WindowsAdminApp.csproj", "{FBD366CE-264A-4C3E-AB91-0E9A0E4BB49A}"
EndProject
Global
	GlobalSection(SolutionConfigurationPlatforms) = preSolution
		Debug|Any CPU = Debug|Any CPU
		Release|Any CPU = Release|Any CPU
	EndGlobalSection
	GlobalSection(ProjectConfigurationPlatforms) = postSolution
		{FBD366CE-264A-4C3E-AB91-0E9A0E4BB49A}.Debug|Any CPU.ActiveCfg = Debug|Any CPU
		{FBD366CE-264A-4C3E-AB91-0E9A0E4BB49A}.Debug|Any CPU.Build.0 = Debug|Any CPU
		{FBD366CE-264A-4C3E-AB91-0E9A0E4BB49A}.Release|Any CPU.ActiveCfg = Release|Any CPU
		{FBD366CE-264A-4C3E-AB91-0E9A0E4BB49A}.Release|Any CPU.Build.0 = Release|Any CPU
	EndGlobalSection
	GlobalSection(SolutionProperties) = preSolution
		HideSolutionNode = FALSE
	EndGlobalSection
	GlobalSection(ExtensibilityGlobals) = postSolution
		SolutionGuid = {D444730E-7858-4BA4-A907-8E7114C666EB}
	EndGlobalSection
EndGlobal
